// !$*UTF8*$!
{
	archiveVersion = 1;
	classes = {
	};
	objectVersion = 50;
	objects = {

/* Begin PBXBuildFile section */
		E92A42782206010F004B18A5 /* Assets.xcassets in Resources */ = {isa = PBXBuildFile; fileRef = E92A42772206010F004B18A5 /* Assets.xcassets */; };
		E92A427B2206010F004B18A5 /* Main.storyboard in Resources */ = {isa = PBXBuildFile; fileRef = E92A42792206010F004B18A5 /* Main.storyboard */; };
		E96790472206016D00C0EBEC /* AppDelegate.swift in Sources */ = {isa = PBXBuildFile; fileRef = E96790462206016D00C0EBEC /* AppDelegate.swift */; };
		E96790502206026500C0EBEC /* otrdecoder in Copy External Tools */ = {isa = PBXBuildFile; fileRef = E967904E2206024600C0EBEC /* otrdecoder */; settings = {ATTRIBUTES = (CodeSignOnCopy, ); }; };
		E96790592206049700C0EBEC /* CocoaCutterTests.swift in Sources */ = {isa = PBXBuildFile; fileRef = E96790582206049700C0EBEC /* CocoaCutterTests.swift */; };
		E96790622206518C00C0EBEC /* OtrDecoder.swift in Sources */ = {isa = PBXBuildFile; fileRef = E96790612206518C00C0EBEC /* OtrDecoder.swift */; };
		E967906E2206F0E400C0EBEC /* ExtAppKit.framework in Frameworks */ = {isa = PBXBuildFile; fileRef = E967906C2206F0E400C0EBEC /* ExtAppKit.framework */; };
		E967906F2206F0E400C0EBEC /* Swinject.framework in Frameworks */ = {isa = PBXBuildFile; fileRef = E967906D2206F0E400C0EBEC /* Swinject.framework */; };
		E96790712206F10000C0EBEC /* ExtAppKit.framework in Copy Frameworks */ = {isa = PBXBuildFile; fileRef = E967906C2206F0E400C0EBEC /* ExtAppKit.framework */; settings = {ATTRIBUTES = (CodeSignOnCopy, RemoveHeadersOnCopy, ); }; };
		E96790722206F10000C0EBEC /* Swinject.framework in Copy Frameworks */ = {isa = PBXBuildFile; fileRef = E967906D2206F0E400C0EBEC /* Swinject.framework */; settings = {ATTRIBUTES = (CodeSignOnCopy, RemoveHeadersOnCopy, ); }; };
		E96790742207702D00C0EBEC /* .travis.yml in Resources */ = {isa = PBXBuildFile; fileRef = E96790732207702D00C0EBEC /* .travis.yml */; };
/* End PBXBuildFile section */

/* Begin PBXContainerItemProxy section */
		E967905B2206049700C0EBEC /* PBXContainerItemProxy */ = {
			isa = PBXContainerItemProxy;
			containerPortal = E92A42682206010E004B18A5 /* Project object */;
			proxyType = 1;
			remoteGlobalIDString = E92A426F2206010E004B18A5;
			remoteInfo = CocoaCutter;
		};
/* End PBXContainerItemProxy section */

/* Begin PBXCopyFilesBuildPhase section */
		E967904F2206025300C0EBEC /* Copy External Tools */ = {
			isa = PBXCopyFilesBuildPhase;
			buildActionMask = 2147483647;
			dstPath = "";
			dstSubfolderSpec = 7;
			files = (
				E96790502206026500C0EBEC /* otrdecoder in Copy External Tools */,
			);
			name = "Copy External Tools";
			runOnlyForDeploymentPostprocessing = 0;
		};
		E96790702206F0EF00C0EBEC /* Copy Frameworks */ = {
			isa = PBXCopyFilesBuildPhase;
			buildActionMask = 2147483647;
			dstPath = "";
			dstSubfolderSpec = 10;
			files = (
				E96790712206F10000C0EBEC /* ExtAppKit.framework in Copy Frameworks */,
				E96790722206F10000C0EBEC /* Swinject.framework in Copy Frameworks */,
			);
			name = "Copy Frameworks";
			runOnlyForDeploymentPostprocessing = 0;
		};
/* End PBXCopyFilesBuildPhase section */

/* Begin PBXFileReference section */
		E92A42702206010E004B18A5 /* CocoaCutter.app */ = {isa = PBXFileReference; explicitFileType = wrapper.application; includeInIndex = 0; path = CocoaCutter.app; sourceTree = BUILT_PRODUCTS_DIR; };
		E92A42772206010F004B18A5 /* Assets.xcassets */ = {isa = PBXFileReference; lastKnownFileType = folder.assetcatalog; path = Assets.xcassets; sourceTree = "<group>"; };
		E92A427A2206010F004B18A5 /* Base */ = {isa = PBXFileReference; lastKnownFileType = file.storyboard; name = Base; path = Base.lproj/Main.storyboard; sourceTree = "<group>"; };
		E92A427C2206010F004B18A5 /* Info.plist */ = {isa = PBXFileReference; lastKnownFileType = text.plist.xml; path = Info.plist; sourceTree = "<group>"; };
		E92A427D2206010F004B18A5 /* CocoaCutter.entitlements */ = {isa = PBXFileReference; lastKnownFileType = text.plist.entitlements; path = CocoaCutter.entitlements; sourceTree = "<group>"; };
		E96790462206016D00C0EBEC /* AppDelegate.swift */ = {isa = PBXFileReference; fileEncoding = 4; lastKnownFileType = sourcecode.swift; path = AppDelegate.swift; sourceTree = "<group>"; };
		E967904B220601D600C0EBEC /* README.md */ = {isa = PBXFileReference; lastKnownFileType = net.daringfireball.markdown; path = README.md; sourceTree = "<group>"; };
		E967904C220601D600C0EBEC /* LICENSE.md */ = {isa = PBXFileReference; lastKnownFileType = net.daringfireball.markdown; path = LICENSE.md; sourceTree = "<group>"; };
		E967904E2206024600C0EBEC /* otrdecoder */ = {isa = PBXFileReference; lastKnownFileType = "compiled.mach-o.executable"; path = otrdecoder; sourceTree = "<group>"; };
		E96790562206049700C0EBEC /* CocoaCutterTests.xctest */ = {isa = PBXFileReference; explicitFileType = wrapper.cfbundle; includeInIndex = 0; path = CocoaCutterTests.xctest; sourceTree = BUILT_PRODUCTS_DIR; };
		E96790582206049700C0EBEC /* CocoaCutterTests.swift */ = {isa = PBXFileReference; lastKnownFileType = sourcecode.swift; path = CocoaCutterTests.swift; sourceTree = "<group>"; };
		E967905A2206049700C0EBEC /* Info.plist */ = {isa = PBXFileReference; lastKnownFileType = text.plist.xml; path = Info.plist; sourceTree = "<group>"; };
		E96790612206518C00C0EBEC /* OtrDecoder.swift */ = {isa = PBXFileReference; lastKnownFileType = sourcecode.swift; path = OtrDecoder.swift; sourceTree = "<group>"; };
		E96790632206E9D300C0EBEC /* Cartfile */ = {isa = PBXFileReference; lastKnownFileType = text; path = Cartfile; sourceTree = SOURCE_ROOT; };
		E96790652206EA7C00C0EBEC /* update.sh */ = {isa = PBXFileReference; lastKnownFileType = text.script.sh; path = update.sh; sourceTree = "<group>"; };
		E96790662206EA7C00C0EBEC /* bootstrap.sh */ = {isa = PBXFileReference; lastKnownFileType = text.script.sh; path = bootstrap.sh; sourceTree = "<group>"; };
		E96790672206EA7C00C0EBEC /* update-debug.sh */ = {isa = PBXFileReference; lastKnownFileType = text.script.sh; path = "update-debug.sh"; sourceTree = "<group>"; };
		E96790682206EA7C00C0EBEC /* bootstrap-debug.sh */ = {isa = PBXFileReference; lastKnownFileType = text.script.sh; path = "bootstrap-debug.sh"; sourceTree = "<group>"; };
		E96790692206EA7C00C0EBEC /* check-update.sh */ = {isa = PBXFileReference; lastKnownFileType = text.script.sh; path = "check-update.sh"; sourceTree = "<group>"; };
		E967906C2206F0E400C0EBEC /* ExtAppKit.framework */ = {isa = PBXFileReference; lastKnownFileType = wrapper.framework; name = ExtAppKit.framework; path = Carthage/Build/Mac/ExtAppKit.framework; sourceTree = "<group>"; };
		E967906D2206F0E400C0EBEC /* Swinject.framework */ = {isa = PBXFileReference; lastKnownFileType = wrapper.framework; name = Swinject.framework; path = Carthage/Build/Mac/Swinject.framework; sourceTree = "<group>"; };
		E96790732207702D00C0EBEC /* .travis.yml */ = {isa = PBXFileReference; fileEncoding = 4; lastKnownFileType = text; path = .travis.yml; sourceTree = SOURCE_ROOT; };
/* End PBXFileReference section */

/* Begin PBXFrameworksBuildPhase section */
		E92A426D2206010E004B18A5 /* Frameworks */ = {
			isa = PBXFrameworksBuildPhase;
			buildActionMask = 2147483647;
			files = (
				E967906E2206F0E400C0EBEC /* ExtAppKit.framework in Frameworks */,
				E967906F2206F0E400C0EBEC /* Swinject.framework in Frameworks */,
			);
			runOnlyForDeploymentPostprocessing = 0;
		};
		E96790532206049700C0EBEC /* Frameworks */ = {
			isa = PBXFrameworksBuildPhase;
			buildActionMask = 2147483647;
			files = (
			);
			runOnlyForDeploymentPostprocessing = 0;
		};
/* End PBXFrameworksBuildPhase section */

/* Begin PBXGroup section */
		E92A42672206010E004B18A5 = {
			isa = PBXGroup;
			children = (
				E92A42722206010E004B18A5 /* CocoaCutter */,
				E96790642206EA7C00C0EBEC /* Scripts */,
				E967904D2206024600C0EBEC /* ExternalTools */,
				E967904A220601C000C0EBEC /* Documents */,
				E96790572206049700C0EBEC /* CocoaCutterTests */,
				E92A42712206010E004B18A5 /* Products */,
				E967906B2206F0E400C0EBEC /* Frameworks */,
			);
			sourceTree = "<group>";
		};
		E92A42712206010E004B18A5 /* Products */ = {
			isa = PBXGroup;
			children = (
				E92A42702206010E004B18A5 /* CocoaCutter.app */,
				E96790562206049700C0EBEC /* CocoaCutterTests.xctest */,
			);
			name = Products;
			sourceTree = "<group>";
		};
		E92A42722206010E004B18A5 /* CocoaCutter */ = {
			isa = PBXGroup;
			children = (
				E96790442206016D00C0EBEC /* Sources */,
				E96790482206017500C0EBEC /* Storyboards */,
				E92A42772206010F004B18A5 /* Assets.xcassets */,
				E96790492206019000C0EBEC /* Resources */,
			);
			path = CocoaCutter;
			sourceTree = "<group>";
		};
		E96790442206016D00C0EBEC /* Sources */ = {
			isa = PBXGroup;
			children = (
				E96790452206016D00C0EBEC /* Application */,
				E96790602206515200C0EBEC /* Utilities */,
			);
			path = Sources;
			sourceTree = "<group>";
		};
		E96790452206016D00C0EBEC /* Application */ = {
			isa = PBXGroup;
			children = (
				E96790462206016D00C0EBEC /* AppDelegate.swift */,
			);
			path = Application;
			sourceTree = "<group>";
		};
		E96790482206017500C0EBEC /* Storyboards */ = {
			isa = PBXGroup;
			children = (
				E92A42792206010F004B18A5 /* Main.storyboard */,
			);
			name = Storyboards;
			sourceTree = "<group>";
		};
		E96790492206019000C0EBEC /* Resources */ = {
			isa = PBXGroup;
			children = (
				E96790732207702D00C0EBEC /* .travis.yml */,
				E96790632206E9D300C0EBEC /* Cartfile */,
				E92A427C2206010F004B18A5 /* Info.plist */,
				E92A427D2206010F004B18A5 /* CocoaCutter.entitlements */,
			);
			name = Resources;
			sourceTree = "<group>";
		};
		E967904A220601C000C0EBEC /* Documents */ = {
			isa = PBXGroup;
			children = (
				E967904C220601D600C0EBEC /* LICENSE.md */,
				E967904B220601D600C0EBEC /* README.md */,
			);
			name = Documents;
			sourceTree = "<group>";
		};
		E967904D2206024600C0EBEC /* ExternalTools */ = {
			isa = PBXGroup;
			children = (
				E967904E2206024600C0EBEC /* otrdecoder */,
			);
			path = ExternalTools;
			sourceTree = "<group>";
		};
		E96790572206049700C0EBEC /* CocoaCutterTests */ = {
			isa = PBXGroup;
			children = (
				E96790582206049700C0EBEC /* CocoaCutterTests.swift */,
				E967905A2206049700C0EBEC /* Info.plist */,
			);
			path = CocoaCutterTests;
			sourceTree = "<group>";
		};
		E96790602206515200C0EBEC /* Utilities */ = {
			isa = PBXGroup;
			children = (
				E96790612206518C00C0EBEC /* OtrDecoder.swift */,
			);
			path = Utilities;
			sourceTree = "<group>";
		};
		E96790642206EA7C00C0EBEC /* Scripts */ = {
			isa = PBXGroup;
			children = (
				E96790652206EA7C00C0EBEC /* update.sh */,
				E96790662206EA7C00C0EBEC /* bootstrap.sh */,
				E96790672206EA7C00C0EBEC /* update-debug.sh */,
				E96790682206EA7C00C0EBEC /* bootstrap-debug.sh */,
				E96790692206EA7C00C0EBEC /* check-update.sh */,
			);
			path = Scripts;
			sourceTree = "<group>";
		};
		E967906B2206F0E400C0EBEC /* Frameworks */ = {
			isa = PBXGroup;
			children = (
				E967906C2206F0E400C0EBEC /* ExtAppKit.framework */,
				E967906D2206F0E400C0EBEC /* Swinject.framework */,
			);
			name = Frameworks;
			sourceTree = "<group>";
		};
/* End PBXGroup section */

/* Begin PBXNativeTarget section */
		E92A426F2206010E004B18A5 /* CocoaCutter */ = {
			isa = PBXNativeTarget;
			buildConfigurationList = E92A42802206010F004B18A5 /* Build configuration list for PBXNativeTarget "CocoaCutter" */;
			buildPhases = (
				E92A426C2206010E004B18A5 /* Sources */,
				E96790512206027100C0EBEC /* Increment Build Number */,
				E92A426D2206010E004B18A5 /* Frameworks */,
				E92A426E2206010E004B18A5 /* Resources */,
				E967904F2206025300C0EBEC /* Copy External Tools */,
				E96790702206F0EF00C0EBEC /* Copy Frameworks */,
			);
			buildRules = (
			);
			dependencies = (
			);
			name = CocoaCutter;
			productName = CocoaCutter;
			productReference = E92A42702206010E004B18A5 /* CocoaCutter.app */;
			productType = "com.apple.product-type.application";
		};
		E96790552206049700C0EBEC /* CocoaCutterTests */ = {
			isa = PBXNativeTarget;
			buildConfigurationList = E967905D2206049700C0EBEC /* Build configuration list for PBXNativeTarget "CocoaCutterTests" */;
			buildPhases = (
				E967906A2206EDE500C0EBEC /* Check for Carthage  updates */,
				E96790522206049700C0EBEC /* Sources */,
				E96790532206049700C0EBEC /* Frameworks */,
				E96790542206049700C0EBEC /* Resources */,
			);
			buildRules = (
			);
			dependencies = (
				E967905C2206049700C0EBEC /* PBXTargetDependency */,
			);
			name = CocoaCutterTests;
			productName = CocoaCutterTests;
			productReference = E96790562206049700C0EBEC /* CocoaCutterTests.xctest */;
			productType = "com.apple.product-type.bundle.unit-test";
		};
/* End PBXNativeTarget section */

/* Begin PBXProject section */
		E92A42682206010E004B18A5 /* Project object */ = {
			isa = PBXProject;
			attributes = {
				LastSwiftUpdateCheck = 1010;
				LastUpgradeCheck = 1010;
				ORGANIZATIONNAME = "Thomas Bonk Softwareentwicklung";
				TargetAttributes = {
					E92A426F2206010E004B18A5 = {
						CreatedOnToolsVersion = 10.1;
					};
					E96790552206049700C0EBEC = {
						CreatedOnToolsVersion = 10.1;
						TestTargetID = E92A426F2206010E004B18A5;
					};
				};
			};
			buildConfigurationList = E92A426B2206010E004B18A5 /* Build configuration list for PBXProject "CocoaCutter" */;
			compatibilityVersion = "Xcode 9.3";
			developmentRegion = en;
			hasScannedForEncodings = 0;
			knownRegions = (
				en,
				Base,
			);
			mainGroup = E92A42672206010E004B18A5;
			productRefGroup = E92A42712206010E004B18A5 /* Products */;
			projectDirPath = "";
			projectRoot = "";
			targets = (
				E92A426F2206010E004B18A5 /* CocoaCutter */,
				E96790552206049700C0EBEC /* CocoaCutterTests */,
			);
		};
/* End PBXProject section */

/* Begin PBXResourcesBuildPhase section */
		E92A426E2206010E004B18A5 /* Resources */ = {
			isa = PBXResourcesBuildPhase;
			buildActionMask = 2147483647;
			files = (
				E96790742207702D00C0EBEC /* .travis.yml in Resources */,
				E92A42782206010F004B18A5 /* Assets.xcassets in Resources */,
				E92A427B2206010F004B18A5 /* Main.storyboard in Resources */,
			);
			runOnlyForDeploymentPostprocessing = 0;
		};
		E96790542206049700C0EBEC /* Resources */ = {
			isa = PBXResourcesBuildPhase;
			buildActionMask = 2147483647;
			files = (
			);
			runOnlyForDeploymentPostprocessing = 0;
		};
/* End PBXResourcesBuildPhase section */

/* Begin PBXShellScriptBuildPhase section */
		E96790512206027100C0EBEC /* Increment Build Number */ = {
			isa = PBXShellScriptBuildPhase;
			buildActionMask = 2147483647;
			files = (
			);
			inputFileListPaths = (
			);
			inputPaths = (
			);
			name = "Increment Build Number";
			outputFileListPaths = (
			);
			outputPaths = (
			);
			runOnlyForDeploymentPostprocessing = 0;
			shellPath = /bin/sh;
			shellScript = "buildNumber=$(/usr/libexec/PlistBuddy -c \"Print CFBundleVersion\" \"${PROJECT_DIR}/${INFOPLIST_FILE}\")\nbuildNumber=$(($buildNumber + 1))\n/usr/libexec/PlistBuddy -c \"Set :CFBundleVersion $buildNumber\" \"${PROJECT_DIR}/${INFOPLIST_FILE}\"\n";
		};
		E967906A2206EDE500C0EBEC /* Check for Carthage  updates */ = {
			isa = PBXShellScriptBuildPhase;
			buildActionMask = 2147483647;
			files = (
			);
			inputFileListPaths = (
			);
			inputPaths = (
			);
			name = "Check for Carthage  updates";
			outputFileListPaths = (
			);
			outputPaths = (
			);
			runOnlyForDeploymentPostprocessing = 0;
			shellPath = /bin/sh;
			shellScript = "/usr/local/bin/carthage outdated --xcode-warnings\n";
		};
/* End PBXShellScriptBuildPhase section */

/* Begin PBXSourcesBuildPhase section */
		E92A426C2206010E004B18A5 /* Sources */ = {
			isa = PBXSourcesBuildPhase;
			buildActionMask = 2147483647;
			files = (
				E96790472206016D00C0EBEC /* AppDelegate.swift in Sources */,
				E96790622206518C00C0EBEC /* OtrDecoder.swift in Sources */,
			);
			runOnlyForDeploymentPostprocessing = 0;
		};
		E96790522206049700C0EBEC /* Sources */ = {
			isa = PBXSourcesBuildPhase;
			buildActionMask = 2147483647;
			files = (
				E96790592206049700C0EBEC /* CocoaCutterTests.swift in Sources */,
			);
			runOnlyForDeploymentPostprocessing = 0;
		};
/* End PBXSourcesBuildPhase section */

/* Begin PBXTargetDependency section */
		E967905C2206049700C0EBEC /* PBXTargetDependency */ = {
			isa = PBXTargetDependency;
			target = E92A426F2206010E004B18A5 /* CocoaCutter */;
			targetProxy = E967905B2206049700C0EBEC /* PBXContainerItemProxy */;
		};
/* End PBXTargetDependency section */

/* Begin PBXVariantGroup section */
		E92A42792206010F004B18A5 /* Main.storyboard */ = {
			isa = PBXVariantGroup;
			children = (
				E92A427A2206010F004B18A5 /* Base */,
			);
			name = Main.storyboard;
			sourceTree = "<group>";
		};
/* End PBXVariantGroup section */

/* Begin XCBuildConfiguration section */
		E92A427E2206010F004B18A5 /* Debug */ = {
			isa = XCBuildConfiguration;
			buildSettings = {
				ALWAYS_SEARCH_USER_PATHS = NO;
				CLANG_ANALYZER_NONNULL = YES;
				CLANG_ANALYZER_NUMBER_OBJECT_CONVERSION = YES_AGGRESSIVE;
				CLANG_CXX_LANGUAGE_STANDARD = "gnu++14";
				CLANG_CXX_LIBRARY = "libc++";
				CLANG_ENABLE_MODULES = YES;
				CLANG_ENABLE_OBJC_ARC = YES;
				CLANG_ENABLE_OBJC_WEAK = YES;
				CLANG_WARN_BLOCK_CAPTURE_AUTORELEASING = YES;
				CLANG_WARN_BOOL_CONVERSION = YES;
				CLANG_WARN_COMMA = YES;
				CLANG_WARN_CONSTANT_CONVERSION = YES;
				CLANG_WARN_DEPRECATED_OBJC_IMPLEMENTATIONS = YES;
				CLANG_WARN_DIRECT_OBJC_ISA_USAGE = YES_ERROR;
				CLANG_WARN_DOCUMENTATION_COMMENTS = YES;
				CLANG_WARN_EMPTY_BODY = YES;
				CLANG_WARN_ENUM_CONVERSION = YES;
				CLANG_WARN_INFINITE_RECURSION = YES;
				CLANG_WARN_INT_CONVERSION = YES;
				CLANG_WARN_NON_LITERAL_NULL_CONVERSION = YES;
				CLANG_WARN_OBJC_IMPLICIT_RETAIN_SELF = YES;
				CLANG_WARN_OBJC_LITERAL_CONVERSION = YES;
				CLANG_WARN_OBJC_ROOT_CLASS = YES_ERROR;
				CLANG_WARN_RANGE_LOOP_ANALYSIS = YES;
				CLANG_WARN_STRICT_PROTOTYPES = YES;
				CLANG_WARN_SUSPICIOUS_MOVE = YES;
				CLANG_WARN_UNGUARDED_AVAILABILITY = YES_AGGRESSIVE;
				CLANG_WARN_UNREACHABLE_CODE = YES;
				CLANG_WARN__DUPLICATE_METHOD_MATCH = YES;
				CODE_SIGN_IDENTITY = "-";
				COPY_PHASE_STRIP = NO;
				DEBUG_INFORMATION_FORMAT = dwarf;
				ENABLE_STRICT_OBJC_MSGSEND = YES;
				ENABLE_TESTABILITY = YES;
				GCC_C_LANGUAGE_STANDARD = gnu11;
				GCC_DYNAMIC_NO_PIC = NO;
				GCC_NO_COMMON_BLOCKS = YES;
				GCC_OPTIMIZATION_LEVEL = 0;
				GCC_PREPROCESSOR_DEFINITIONS = (
					"DEBUG=1",
					"$(inherited)",
				);
				GCC_WARN_64_TO_32_BIT_CONVERSION = YES;
				GCC_WARN_ABOUT_RETURN_TYPE = YES_ERROR;
				GCC_WARN_UNDECLARED_SELECTOR = YES;
				GCC_WARN_UNINITIALIZED_AUTOS = YES_AGGRESSIVE;
				GCC_WARN_UNUSED_FUNCTION = YES;
				GCC_WARN_UNUSED_VARIABLE = YES;
				MACOSX_DEPLOYMENT_TARGET = 10.14;
				MTL_ENABLE_DEBUG_INFO = INCLUDE_SOURCE;
				MTL_FAST_MATH = YES;
				ONLY_ACTIVE_ARCH = YES;
				SDKROOT = macosx;
				SWIFT_ACTIVE_COMPILATION_CONDITIONS = DEBUG;
				SWIFT_OPTIMIZATION_LEVEL = "-Onone";
			};
			name = Debug;
		};
		E92A427F2206010F004B18A5 /* Release */ = {
			isa = XCBuildConfiguration;
			buildSettings = {
				ALWAYS_SEARCH_USER_PATHS = NO;
				CLANG_ANALYZER_NONNULL = YES;
				CLANG_ANALYZER_NUMBER_OBJECT_CONVERSION = YES_AGGRESSIVE;
				CLANG_CXX_LANGUAGE_STANDARD = "gnu++14";
				CLANG_CXX_LIBRARY = "libc++";
				CLANG_ENABLE_MODULES = YES;
				CLANG_ENABLE_OBJC_ARC = YES;
				CLANG_ENABLE_OBJC_WEAK = YES;
				CLANG_WARN_BLOCK_CAPTURE_AUTORELEASING = YES;
				CLANG_WARN_BOOL_CONVERSION = YES;
				CLANG_WARN_COMMA = YES;
				CLANG_WARN_CONSTANT_CONVERSION = YES;
				CLANG_WARN_DEPRECATED_OBJC_IMPLEMENTATIONS = YES;
				CLANG_WARN_DIRECT_OBJC_ISA_USAGE = YES_ERROR;
				CLANG_WARN_DOCUMENTATION_COMMENTS = YES;
				CLANG_WARN_EMPTY_BODY = YES;
				CLANG_WARN_ENUM_CONVERSION = YES;
				CLANG_WARN_INFINITE_RECURSION = YES;
				CLANG_WARN_INT_CONVERSION = YES;
				CLANG_WARN_NON_LITERAL_NULL_CONVERSION = YES;
				CLANG_WARN_OBJC_IMPLICIT_RETAIN_SELF = YES;
				CLANG_WARN_OBJC_LITERAL_CONVERSION = YES;
				CLANG_WARN_OBJC_ROOT_CLASS = YES_ERROR;
				CLANG_WARN_RANGE_LOOP_ANALYSIS = YES;
				CLANG_WARN_STRICT_PROTOTYPES = YES;
				CLANG_WARN_SUSPICIOUS_MOVE = YES;
				CLANG_WARN_UNGUARDED_AVAILABILITY = YES_AGGRESSIVE;
				CLANG_WARN_UNREACHABLE_CODE = YES;
				CLANG_WARN__DUPLICATE_METHOD_MATCH = YES;
				CODE_SIGN_IDENTITY = "-";
				COPY_PHASE_STRIP = NO;
				DEBUG_INFORMATION_FORMAT = "dwarf-with-dsym";
				ENABLE_NS_ASSERTIONS = NO;
				ENABLE_STRICT_OBJC_MSGSEND = YES;
				GCC_C_LANGUAGE_STANDARD = gnu11;
				GCC_NO_COMMON_BLOCKS = YES;
				GCC_WARN_64_TO_32_BIT_CONVERSION = YES;
				GCC_WARN_ABOUT_RETURN_TYPE = YES_ERROR;
				GCC_WARN_UNDECLARED_SELECTOR = YES;
				GCC_WARN_UNINITIALIZED_AUTOS = YES_AGGRESSIVE;
				GCC_WARN_UNUSED_FUNCTION = YES;
				GCC_WARN_UNUSED_VARIABLE = YES;
				MACOSX_DEPLOYMENT_TARGET = 10.14;
				MTL_ENABLE_DEBUG_INFO = NO;
				MTL_FAST_MATH = YES;
				SDKROOT = macosx;
				SWIFT_COMPILATION_MODE = wholemodule;
				SWIFT_OPTIMIZATION_LEVEL = "-O";
			};
			name = Release;
		};
		E92A42812206010F004B18A5 /* Debug */ = {
			isa = XCBuildConfiguration;
			buildSettings = {
				ASSETCATALOG_COMPILER_APPICON_NAME = AppIcon;
				CODE_SIGN_ENTITLEMENTS = CocoaCutter/CocoaCutter.entitlements;
				CODE_SIGN_STYLE = Automatic;
				COMBINE_HIDPI_IMAGES = YES;
				FRAMEWORK_SEARCH_PATHS = (
					"$(inherited)",
					"$(PROJECT_DIR)/Carthage/Build/Mac",
				);
				INFOPLIST_FILE = CocoaCutter/Info.plist;
				LD_RUNPATH_SEARCH_PATHS = (
					"$(inherited)",
					"@executable_path/../Frameworks",
				);
				PRODUCT_BUNDLE_IDENTIFIER = de.meandmymac.macos.CocoaCutter;
				PRODUCT_NAME = "$(TARGET_NAME)";
				SWIFT_VERSION = 4.2;
			};
			name = Debug;
		};
		E92A42822206010F004B18A5 /* Release */ = {
			isa = XCBuildConfiguration;
			buildSettings = {
				ASSETCATALOG_COMPILER_APPICON_NAME = AppIcon;
				CODE_SIGN_ENTITLEMENTS = CocoaCutter/CocoaCutter.entitlements;
				CODE_SIGN_STYLE = Automatic;
				COMBINE_HIDPI_IMAGES = YES;
				FRAMEWORK_SEARCH_PATHS = (
					"$(inherited)",
					"$(PROJECT_DIR)/Carthage/Build/Mac",
				);
				INFOPLIST_FILE = CocoaCutter/Info.plist;
				LD_RUNPATH_SEARCH_PATHS = (
					"$(inherited)",
					"@executable_path/../Frameworks",
				);
				PRODUCT_BUNDLE_IDENTIFIER = de.meandmymac.macos.CocoaCutter;
				PRODUCT_NAME = "$(TARGET_NAME)";
				SWIFT_VERSION = 4.2;
			};
			name = Release;
		};
		E967905E2206049700C0EBEC /* Debug */ = {
			isa = XCBuildConfiguration;
			buildSettings = {
				BUNDLE_LOADER = "$(TEST_HOST)";
				CODE_SIGN_STYLE = Automatic;
				COMBINE_HIDPI_IMAGES = YES;
				INFOPLIST_FILE = CocoaCutterTests/Info.plist;
				LD_RUNPATH_SEARCH_PATHS = (
					"$(inherited)",
					"@executable_path/../Frameworks",
					"@loader_path/../Frameworks",
				);
				PRODUCT_BUNDLE_IDENTIFIER = de.meandmymac.macos.CocoaCutterTests;
				PRODUCT_NAME = "$(TARGET_NAME)";
				SWIFT_VERSION = 4.2;
				TEST_HOST = "$(BUILT_PRODUCTS_DIR)/CocoaCutter.app/Contents/MacOS/CocoaCutter";
			};
			name = Debug;
		};
		E967905F2206049700C0EBEC /* Release */ = {
			isa = XCBuildConfiguration;
			buildSettings = {
				BUNDLE_LOADER = "$(TEST_HOST)";
				CODE_SIGN_STYLE = Automatic;
				COMBINE_HIDPI_IMAGES = YES;
				INFOPLIST_FILE = CocoaCutterTests/Info.plist;
				LD_RUNPATH_SEARCH_PATHS = (
					"$(inherited)",
					"@executable_path/../Frameworks",
					"@loader_path/../Frameworks",
				);
				PRODUCT_BUNDLE_IDENTIFIER = de.meandmymac.macos.CocoaCutterTests;
				PRODUCT_NAME = "$(TARGET_NAME)";
				SWIFT_VERSION = 4.2;
				TEST_HOST = "$(BUILT_PRODUCTS_DIR)/CocoaCutter.app/Contents/MacOS/CocoaCutter";
			};
			name = Release;
		};
/* End XCBuildConfiguration section */

/* Begin XCConfigurationList section */
		E92A426B2206010E004B18A5 /* Build configuration list for PBXProject "CocoaCutter" */ = {
			isa = XCConfigurationList;
			buildConfigurations = (
				E92A427E2206010F004B18A5 /* Debug */,
				E92A427F2206010F004B18A5 /* Release */,
			);
			defaultConfigurationIsVisible = 0;
			defaultConfigurationName = Release;
		};
		E92A42802206010F004B18A5 /* Build configuration list for PBXNativeTarget "CocoaCutter" */ = {
			isa = XCConfigurationList;
			buildConfigurations = (
				E92A42812206010F004B18A5 /* Debug */,
				E92A42822206010F004B18A5 /* Release */,
			);
			defaultConfigurationIsVisible = 0;
			defaultConfigurationName = Release;
		};
		E967905D2206049700C0EBEC /* Build configuration list for PBXNativeTarget "CocoaCutterTests" */ = {
			isa = XCConfigurationList;
			buildConfigurations = (
				E967905E2206049700C0EBEC /* Debug */,
				E967905F2206049700C0EBEC /* Release */,
			);
			defaultConfigurationIsVisible = 0;
			defaultConfigurationName = Release;
		};
/* End XCConfigurationList section */
	};
	rootObject = E92A42682206010E004B18A5 /* Project object */;
}
